// !$*UTF8*$!
{
	archiveVersion = 1;
	classes = {
	};
	objectVersion = 46;
	objects = {

/* Begin PBXBuildFile section */
		C17B429C1DE2246800AD1ADB /* AppDelegate.swift in Sources */ = {isa = PBXBuildFile; fileRef = C17B429B1DE2246800AD1ADB /* AppDelegate.swift */; };
		C17B429E1DE2246800AD1ADB /* ViewController.swift in Sources */ = {isa = PBXBuildFile; fileRef = C17B429D1DE2246800AD1ADB /* ViewController.swift */; };
		C17B42A11DE2246800AD1ADB /* Main.storyboard in Resources */ = {isa = PBXBuildFile; fileRef = C17B429F1DE2246800AD1ADB /* Main.storyboard */; };
		C17B42A31DE2246800AD1ADB /* Assets.xcassets in Resources */ = {isa = PBXBuildFile; fileRef = C17B42A21DE2246800AD1ADB /* Assets.xcassets */; };
		C17B42A61DE2246800AD1ADB /* LaunchScreen.storyboard in Resources */ = {isa = PBXBuildFile; fileRef = C17B42A41DE2246800AD1ADB /* LaunchScreen.storyboard */; };
		C17B42AE1DE2290D00AD1ADB /* InputViewController.swift in Sources */ = {isa = PBXBuildFile; fileRef = C17B42AD1DE2290D00AD1ADB /* InputViewController.swift */; };
		C17B42B01DE230F900AD1ADB /* PickerData.swift in Sources */ = {isa = PBXBuildFile; fileRef = C17B42AF1DE230F900AD1ADB /* PickerData.swift */; };
		C17B42B41DE2598500AD1ADB /* EditViewController.swift in Sources */ = {isa = PBXBuildFile; fileRef = C17B42B31DE2598500AD1ADB /* EditViewController.swift */; };
		C1BA994F1DE89464000EB33B /* SortAlgorithm.swift in Sources */ = {isa = PBXBuildFile; fileRef = C1BA994E1DE89464000EB33B /* SortAlgorithm.swift */; };
/* End PBXBuildFile section */

/* Begin PBXFileReference section */
		C17B42981DE2246800AD1ADB /* ToDo2.app */ = {isa = PBXFileReference; explicitFileType = wrapper.application; includeInIndex = 0; path = ToDo2.app; sourceTree = BUILT_PRODUCTS_DIR; };
		C17B429B1DE2246800AD1ADB /* AppDelegate.swift */ = {isa = PBXFileReference; lastKnownFileType = sourcecode.swift; path = AppDelegate.swift; sourceTree = "<group>"; };
		C17B429D1DE2246800AD1ADB /* ViewController.swift */ = {isa = PBXFileReference; lastKnownFileType = sourcecode.swift; path = ViewController.swift; sourceTree = "<group>"; };
		C17B42A01DE2246800AD1ADB /* Base */ = {isa = PBXFileReference; lastKnownFileType = file.storyboard; name = Base; path = Base.lproj/Main.storyboard; sourceTree = "<group>"; };
		C17B42A21DE2246800AD1ADB /* Assets.xcassets */ = {isa = PBXFileReference; lastKnownFileType = folder.assetcatalog; path = Assets.xcassets; sourceTree = "<group>"; };
		C17B42A51DE2246800AD1ADB /* Base */ = {isa = PBXFileReference; lastKnownFileType = file.storyboard; name = Base; path = Base.lproj/LaunchScreen.storyboard; sourceTree = "<group>"; };
		C17B42A71DE2246800AD1ADB /* Info.plist */ = {isa = PBXFileReference; lastKnownFileType = text.plist.xml; path = Info.plist; sourceTree = "<group>"; };
		C17B42AD1DE2290D00AD1ADB /* InputViewController.swift */ = {isa = PBXFileReference; fileEncoding = 4; lastKnownFileType = sourcecode.swift; path = InputViewController.swift; sourceTree = "<group>"; };
		C17B42AF1DE230F900AD1ADB /* PickerData.swift */ = {isa = PBXFileReference; fileEncoding = 4; lastKnownFileType = sourcecode.swift; path = PickerData.swift; sourceTree = "<group>"; };
		C17B42B31DE2598500AD1ADB /* EditViewController.swift */ = {isa = PBXFileReference; fileEncoding = 4; lastKnownFileType = sourcecode.swift; path = EditViewController.swift; sourceTree = "<group>"; };
		C1BA994E1DE89464000EB33B /* SortAlgorithm.swift */ = {isa = PBXFileReference; fileEncoding = 4; lastKnownFileType = sourcecode.swift; path = SortAlgorithm.swift; sourceTree = "<group>"; };
/* End PBXFileReference section */

/* Begin PBXFrameworksBuildPhase section */
		C17B42951DE2246700AD1ADB /* Frameworks */ = {
			isa = PBXFrameworksBuildPhase;
			buildActionMask = 2147483647;
			files = (
			);
			runOnlyForDeploymentPostprocessing = 0;
		};
/* End PBXFrameworksBuildPhase section */

/* Begin PBXGroup section */
		C17B428F1DE2246700AD1ADB = {
			isa = PBXGroup;
			children = (
				C17B429A1DE2246800AD1ADB /* ToDo2 */,
				C17B42991DE2246800AD1ADB /* Products */,
			);
			sourceTree = "<group>";
		};
		C17B42991DE2246800AD1ADB /* Products */ = {
			isa = PBXGroup;
			children = (
				C17B42981DE2246800AD1ADB /* ToDo2.app */,
			);
			name = Products;
			sourceTree = "<group>";
		};
		C17B429A1DE2246800AD1ADB /* ToDo2 */ = {
			isa = PBXGroup;
			children = (
				C17B429B1DE2246800AD1ADB /* AppDelegate.swift */,
				C17B42AF1DE230F900AD1ADB /* PickerData.swift */,
				C1BA994E1DE89464000EB33B /* SortAlgorithm.swift */,
				C17B429D1DE2246800AD1ADB /* ViewController.swift */,
				C17B42AD1DE2290D00AD1ADB /* InputViewController.swift */,
				C17B42B31DE2598500AD1ADB /* EditViewController.swift */,
				C17B429F1DE2246800AD1ADB /* Main.storyboard */,
				C17B42A21DE2246800AD1ADB /* Assets.xcassets */,
				C17B42A41DE2246800AD1ADB /* LaunchScreen.storyboard */,
				C17B42A71DE2246800AD1ADB /* Info.plist */,
			);
			path = ToDo2;
			sourceTree = "<group>";
		};
/* End PBXGroup section */

/* Begin PBXNativeTarget section */
		C17B42971DE2246700AD1ADB /* ToDo2 */ = {
			isa = PBXNativeTarget;
			buildConfigurationList = C17B42AA1DE2246800AD1ADB /* Build configuration list for PBXNativeTarget "ToDo2" */;
			buildPhases = (
				C17B42941DE2246700AD1ADB /* Sources */,
				C17B42951DE2246700AD1ADB /* Frameworks */,
				C17B42961DE2246700AD1ADB /* Resources */,
			);
			buildRules = (
			);
			dependencies = (
			);
			name = ToDo2;
			productName = ToDo2;
			productReference = C17B42981DE2246800AD1ADB /* ToDo2.app */;
			productType = "com.apple.product-type.application";
		};
/* End PBXNativeTarget section */

/* Begin PBXProject section */
		C17B42901DE2246700AD1ADB /* Project object */ = {
			isa = PBXProject;
			attributes = {
				LastSwiftUpdateCheck = 0810;
				LastUpgradeCheck = 0810;
				ORGANIZATIONNAME = "Martin Clifford";
				TargetAttributes = {
					C17B42971DE2246700AD1ADB = {
						CreatedOnToolsVersion = 8.1;
						DevelopmentTeam = M8Q5S4NJ8X;
						ProvisioningStyle = Automatic;
					};
				};
			};
			buildConfigurationList = C17B42931DE2246700AD1ADB /* Build configuration list for PBXProject "ToDo2" */;
			compatibilityVersion = "Xcode 3.2";
			developmentRegion = English;
			hasScannedForEncodings = 0;
			knownRegions = (
				en,
				Base,
			);
			mainGroup = C17B428F1DE2246700AD1ADB;
			productRefGroup = C17B42991DE2246800AD1ADB /* Products */;
			projectDirPath = "";
			projectRoot = "";
			targets = (
				C17B42971DE2246700AD1ADB /* ToDo2 */,
			);
		};
/* End PBXProject section */

/* Begin PBXResourcesBuildPhase section */
		C17B42961DE2246700AD1ADB /* Resources */ = {
			isa = PBXResourcesBuildPhase;
			buildActionMask = 2147483647;
			files = (
				C17B42A61DE2246800AD1ADB /* LaunchScreen.storyboard in Resources */,
				C17B42A31DE2246800AD1ADB /* Assets.xcassets in Resources */,
				C17B42A11DE2246800AD1ADB /* Main.storyboard in Resources */,
			);
			runOnlyForDeploymentPostprocessing = 0;
		};
/* End PBXResourcesBuildPhase section */

/* Begin PBXSourcesBuildPhase section */
		C17B42941DE2246700AD1ADB /* Sources */ = {
			isa = PBXSourcesBuildPhase;
			buildActionMask = 2147483647;
			files = (
				C17B42B41DE2598500AD1ADB /* EditViewController.swift in Sources */,
				C1BA994F1DE89464000EB33B /* SortAlgorithm.swift in Sources */,
				C17B42AE1DE2290D00AD1ADB /* InputViewController.swift in Sources */,
				C17B429E1DE2246800AD1ADB /* ViewController.swift in Sources */,
				C17B429C1DE2246800AD1ADB /* AppDelegate.swift in Sources */,
				C17B42B01DE230F900AD1ADB /* PickerData.swift in Sources */,
			);
			runOnlyForDeploymentPostprocessing = 0;
		};
/* End PBXSourcesBuildPhase section */

/* Begin PBXVariantGroup section */
		C17B429F1DE2246800AD1ADB /* Main.storyboard */ = {
			isa = PBXVariantGroup;
			children = (
				C17B42A01DE2246800AD1ADB /* Base */,
			);
			name = Main.storyboard;
			sourceTree = "<group>";
		};
		C17B42A41DE2246800AD1ADB /* LaunchScreen.storyboard */ = {
			isa = PBXVariantGroup;
			children = (
				C17B42A51DE2246800AD1ADB /* Base */,
			);
			name = LaunchScreen.storyboard;
			sourceTree = "<group>";
		};
/* End PBXVariantGroup section */

/* Begin XCBuildConfiguration section */
		C17B42A81DE2246800AD1ADB /* Debug */ = {
			isa = XCBuildConfiguration;
			buildSettings = {
				ALWAYS_SEARCH_USER_PATHS = NO;
				CLANG_ANALYZER_NONNULL = YES;
				CLANG_CXX_LANGUAGE_STANDARD = "gnu++0x";
				CLANG_CXX_LIBRARY = "libc++";
				CLANG_ENABLE_MODULES = YES;
				CLANG_ENABLE_OBJC_ARC = YES;
				CLANG_WARN_BOOL_CONVERSION = YES;
				CLANG_WARN_CONSTANT_CONVERSION = YES;
				CLANG_WARN_DIRECT_OBJC_ISA_USAGE = YES_ERROR;
				CLANG_WARN_DOCUMENTATION_COMMENTS = YES;
				CLANG_WARN_EMPTY_BODY = YES;
				CLANG_WARN_ENUM_CONVERSION = YES;
				CLANG_WARN_INFINITE_RECURSION = YES;
				CLANG_WARN_INT_CONVERSION = YES;
				CLANG_WARN_OBJC_ROOT_CLASS = YES_ERROR;
				CLANG_WARN_SUSPICIOUS_MOVES = YES;
				CLANG_WARN_UNREACHABLE_CODE = YES;
				CLANG_WARN__DUPLICATE_METHOD_MATCH = YES;
				"CODE_SIGN_IDENTITY[sdk=iphoneos*]" = "iPhone Developer";
				COPY_PHASE_STRIP = NO;
				DEBUG_INFORMATION_FORMAT = dwarf;
				ENABLE_STRICT_OBJC_MSGSEND = YES;
				ENABLE_TESTABILITY = YES;
				GCC_C_LANGUAGE_STANDARD = gnu99;
				GCC_DYNAMIC_NO_PIC = NO;
				GCC_NO_COMMON_BLOCKS = YES;
				GCC_OPTIMIZATION_LEVEL = 0;
				GCC_PREPROCESSOR_DEFINITIONS = (
					"DEBUG=1",
					"$(inherited)",
				);
				GCC_WARN_64_TO_32_BIT_CONVERSION = YES;
				GCC_WARN_ABOUT_RETURN_TYPE = YES_ERROR;
				GCC_WARN_UNDECLARED_SELECTOR = YES;
				GCC_WARN_UNINITIALIZED_AUTOS = YES_AGGRESSIVE;
				GCC_WARN_UNUSED_FUNCTION = YES;
				GCC_WARN_UNUSED_VARIABLE = YES;
				IPHONEOS_DEPLOYMENT_TARGET = 10.1;
				MTL_ENABLE_DEBUG_INFO = YES;
				ONLY_ACTIVE_ARCH = YES;
				SDKROOT = iphoneos;
				SWIFT_ACTIVE_COMPILATION_CONDITIONS = DEBUG;
				SWIFT_OPTIMIZATION_LEVEL = "-Onone";
				TARGETED_DEVICE_FAMILY = "1,2";
			};
			name = Debug;
		};
		C17B42A91DE2246800AD1ADB /* Release */ = {
			isa = XCBuildConfiguration;
			buildSettings = {
				ALWAYS_SEARCH_USER_PATHS = NO;
				CLANG_ANALYZER_NONNULL = YES;
				CLANG_CXX_LANGUAGE_STANDARD = "gnu++0x";
				CLANG_CXX_LIBRARY = "libc++";
				CLANG_ENABLE_MODULES = YES;
				CLANG_ENABLE_OBJC_ARC = YES;
				CLANG_WARN_BOOL_CONVERSION = YES;
				CLANG_WARN_CONSTANT_CONVERSION = YES;
				CLANG_WARN_DIRECT_OBJC_ISA_USAGE = YES_ERROR;
				CLANG_WARN_DOCUMENTATION_COMMENTS = YES;
				CLANG_WARN_EMPTY_BODY = YES;
				CLANG_WARN_ENUM_CONVERSION = YES;
				CLANG_WARN_INFINITE_RECURSION = YES;
				CLANG_WARN_INT_CONVERSION = YES;
				CLANG_WARN_OBJC_ROOT_CLASS = YES_ERROR;
				CLANG_WARN_SUSPICIOUS_MOVES = YES;
				CLANG_WARN_UNREACHABLE_CODE = YES;
				CLANG_WARN__DUPLICATE_METHOD_MATCH = YES;
				"CODE_SIGN_IDENTITY[sdk=iphoneos*]" = "iPhone Developer";
				COPY_PHASE_STRIP = NO;
				DEBUG_INFORMATION_FORMAT = "dwarf-with-dsym";
				ENABLE_NS_ASSERTIONS = NO;
				ENABLE_STRICT_OBJC_MSGSEND = YES;
				GCC_C_LANGUAGE_STANDARD = gnu99;
				GCC_NO_COMMON_BLOCKS = YES;
				GCC_WARN_64_TO_32_BIT_CONVERSION = YES;
				GCC_WARN_ABOUT_RETURN_TYPE = YES_ERROR;
				GCC_WARN_UNDECLARED_SELECTOR = YES;
				GCC_WARN_UNINITIALIZED_AUTOS = YES_AGGRESSIVE;
				GCC_WARN_UNUSED_FUNCTION = YES;
				GCC_WARN_UNUSED_VARIABLE = YES;
				IPHONEOS_DEPLOYMENT_TARGET = 10.1;
				MTL_ENABLE_DEBUG_INFO = NO;
				SDKROOT = iphoneos;
				SWIFT_OPTIMIZATION_LEVEL = "-Owholemodule";
				TARGETED_DEVICE_FAMILY = "1,2";
				VALIDATE_PRODUCT = YES;
			};
			name = Release;
		};
		C17B42AB1DE2246800AD1ADB /* Debug */ = {
			isa = XCBuildConfiguration;
			buildSettings = {
				ASSETCATALOG_COMPILER_APPICON_NAME = AppIcon;
				DEVELOPMENT_TEAM = M8Q5S4NJ8X;
				INFOPLIST_FILE = ToDo2/Info.plist;
				LD_RUNPATH_SEARCH_PATHS = "$(inherited) @executable_path/Frameworks";
				PRODUCT_BUNDLE_IDENTIFIER = com.clifford.swift1.ToDo2;
				PRODUCT_NAME = "$(TARGET_NAME)";
				SWIFT_VERSION = 3.0;
			};
			name = Debug;
		};
		C17B42AC1DE2246800AD1ADB /* Release */ = {
			isa = XCBuildConfiguration;
			buildSettings = {
				ASSETCATALOG_COMPILER_APPICON_NAME = AppIcon;
				DEVELOPMENT_TEAM = M8Q5S4NJ8X;
				INFOPLIST_FILE = ToDo2/Info.plist;
				LD_RUNPATH_SEARCH_PATHS = "$(inherited) @executable_path/Frameworks";
				PRODUCT_BUNDLE_IDENTIFIER = com.clifford.swift1.ToDo2;
				PRODUCT_NAME = "$(TARGET_NAME)";
				SWIFT_VERSION = 3.0;
			};
			name = Release;
		};
/* End XCBuildConfiguration section */

/* Begin XCConfigurationList section */
		C17B42931DE2246700AD1ADB /* Build configuration list for PBXProject "ToDo2" */ = {
			isa = XCConfigurationList;
			buildConfigurations = (
				C17B42A81DE2246800AD1ADB /* Debug */,
				C17B42A91DE2246800AD1ADB /* Release */,
			);
			defaultConfigurationIsVisible = 0;
			defaultConfigurationName = Release;
		};
		C17B42AA1DE2246800AD1ADB /* Build configuration list for PBXNativeTarget "ToDo2" */ = {
			isa = XCConfigurationList;
			buildConfigurations = (
				C17B42AB1DE2246800AD1ADB /* Debug */,
				C17B42AC1DE2246800AD1ADB /* Release */,
			);
			defaultConfigurationIsVisible = 0;
			defaultConfigurationName = Release;
		};
/* End XCConfigurationList section */
	};
	rootObject = C17B42901DE2246700AD1ADB /* Project object */;
}
